
Microsoft Visual Studio Solution File, Format Version 12.00
# Visual Studio Version 18
VisualStudioVersion = 18.7.11919.86 stable
MinimumVisualStudioVersion = 10.0.40219.1
Project("{9A19103F-16F7-4668-BE54-9A1E7A4F7556}") = "Samhammer.Configuration.Vault", "Samhammer.Configuration.Vault\Samhammer.Configuration.Vault.csproj", "{939370C0-77CD-426F-8C70-05D78F9C4C1E}"
EndProject
Project("{9A19103F-16F7-4668-BE54-9A1E7A4F7556}") = "Samhammer.Configuration.Vault.Test", "Samhammer.Configuration.Vault.Test\Samhammer.Configuration.Vault.Test.csproj", "{2F144BB7-60AC-45B5-992C-FB1CAF5E86FC}"
EndProject
Project("{FAE04EC0-301F-11D3-BF4B-00C04F79EFBC}") = "Samhammer.Configuration.Vault.Sag", "Samhammer.Configuration.Vault.Sag\Samhammer.Configuration.Vault.Sag.csproj", "{AF1C9E27-A63C-FC12-F6D1-B1FA216F01B2}"
EndProject
Project("{FAE04EC0-301F-11D3-BF4B-00C04F79EFBC}") = "Samhammer.Configuration.Vault.Example", "Samhammer.Configuration.Vault.Example\Samhammer.Configuration.Vault.Example.csproj", "{A76D98DA-46AF-472D-B140-7E1B66D864A2}"
EndProject
Global
	GlobalSection(SolutionConfigurationPlatforms) = preSolution
		Debug|Any CPU = Debug|Any CPU
		Release|Any CPU = Release|Any CPU
	EndGlobalSection
	GlobalSection(ProjectConfigurationPlatforms) = postSolution
		{939370C0-77CD-426F-8C70-05D78F9C4C1E}.Debug|Any CPU.ActiveCfg = Debug|Any CPU
		{939370C0-77CD-426F-8C70-05D78F9C4C1E}.Debug|Any CPU.Build.0 = Debug|Any CPU
		{939370C0-77CD-426F-8C70-05D78F9C4C1E}.Release|Any CPU.ActiveCfg = Release|Any CPU
		{939370C0-77CD-426F-8C70-05D78F9C4C1E}.Release|Any CPU.Build.0 = Release|Any CPU
		{2F144BB7-60AC-45B5-992C-FB1CAF5E86FC}.Debug|Any CPU.ActiveCfg = Debug|Any CPU
		{2F144BB7-60AC-45B5-992C-FB1CAF5E86FC}.Debug|Any CPU.Build.0 = Debug|Any CPU
		{2F144BB7-60AC-45B5-992C-FB1CAF5E86FC}.Release|Any CPU.ActiveCfg = Release|Any CPU
		{2F144BB7-60AC-45B5-992C-FB1CAF5E86FC}.Release|Any CPU.Build.0 = Release|Any CPU
		{AF1C9E27-A63C-FC12-F6D1-B1FA216F01B2}.Debug|Any CPU.ActiveCfg = Debug|Any CPU
		{AF1C9E27-A63C-FC12-F6D1-B1FA216F01B2}.Debug|Any CPU.Build.0 = Debug|Any CPU
		{AF1C9E27-A63C-FC12-F6D1-B1FA216F01B2}.Release|Any CPU.ActiveCfg = Release|Any CPU
		{AF1C9E27-A63C-FC12-F6D1-B1FA216F01B2}.Release|Any CPU.Build.0 = Release|Any CPU
		{A76D98DA-46AF-472D-B140-7E1B66D864A2}.Debug|Any CPU.ActiveCfg = Debug|Any CPU
		{A76D98DA-46AF-472D-B140-7E1B66D864A2}.Debug|Any CPU.Build.0 = Debug|Any CPU
		{A76D98DA-46AF-472D-B140-7E1B66D864A2}.Release|Any CPU.ActiveCfg = Release|Any CPU
		{A76D98DA-46AF-472D-B140-7E1B66D864A2}.Release|Any CPU.Build.0 = Release|Any CPU
	EndGlobalSection
	GlobalSection(SolutionProperties) = preSolution
		HideSolutionNode = FALSE
	EndGlobalSection
	GlobalSection(ExtensibilityGlobals) = postSolution
		SolutionGuid = {D802E1EB-5043-418D-8F96-BBC0334F07D2}
	EndGlobalSection
EndGlobal
